{
  "name": "babel-plugin-flatlist",
  "version": "1.0.0",
  "lockfileVersion": 1,
  "requires": true,
  "dependencies": {
    "babel-plugin-tester": {
      "version": "5.4.0",
      "resolved": "http://registry.npm.taobao.org/babel-plugin-tester/download/babel-plugin-tester-5.4.0.tgz",
      "integrity": "sha1-z0BUE4o6eFCJGpWUJ5k+G7TSAdc=",
      "dev": true,
      "requires": {
        "common-tags": "1.8.0",
        "invariant": "2.2.4",
        "lodash.merge": "4.6.1",
        "path-exists": "3.0.0",
        "strip-indent": "2.0.0"
      }
    },
    "common-tags": {
      "version": "1.8.0",
      "resolved": "http://registry.npm.taobao.org/common-tags/download/common-tags-1.8.0.tgz",
      "integrity": "sha1-jjFT5ULUo56bEFVENK+q+YlWqTc=",
      "dev": true
    },
    "invariant": {
      "version": "2.2.4",
      "resolved": "http://registry.npm.taobao.org/invariant/download/invariant-2.2.4.tgz",
      "integrity": "sha1-YQ88ksk1nOHbYW5TgAjSP/NRWOY=",
      "dev": true,
      "requires": {
        "loose-envify": "1.4.0"
      }
    },
    "js-tokens": {
      "version": "4.0.0",
      "resolved": "http://registry.npm.taobao.org/js-tokens/download/js-tokens-4.0.0.tgz",
      "integrity": "sha1-GSA/tZmR35jjoocFDUZHzerzJJk=",
      "dev": true
    },
    "lodash.merge": {
      "version": "4.6.1",
      "resolved": "http://registry.npm.taobao.org/lodash.merge/download/lodash.merge-4.6.1.tgz",
      "integrity": "sha1-rcJdnLmbk5HFliTzefu6YNcRHVQ=",
      "dev": true
    },
    "loose-envify": {
      "version": "1.4.0",
      "resolved": "http://registry.npm.taobao.org/loose-envify/download/loose-envify-1.4.0.tgz",
      "integrity": "sha1-ce5R+nvkyuwaY4OffmgtgTLTDK8=",
      "dev": true,
      "requires": {
        "js-tokens": "4.0.0"
      }
    },
    "path-exists": {
      "version": "3.0.0",
      "resolved": "http://registry.npm.taobao.org/path-exists/download/path-exists-3.0.0.tgz",
      "integrity": "sha1-zg6+ql94yxiSXqfYENe1mwEP1RU=",
      "dev": true
    },
    "strip-indent": {
      "version": "2.0.0",
      "resolved": "http://registry.npm.taobao.org/strip-indent/download/strip-indent-2.0.0.tgz",
      "integrity": "sha1-XvjbKV0B5u1sv3qrlpmNeCJSe2g=",
      "dev": true
    }
  }
}
